
Microsoft Visual Studio Solution File, Format Version 12.00
# Visual Studio 15
VisualStudioVersion = 15.0.27130.2027
MinimumVisualStudioVersion = 10.0.40219.1
Project("{FAE04EC0-301F-11D3-BF4B-00C04F79EFBC}") = "Android", "Android\Android.csproj", "{F964C4B0-F0A9-4390-90D4-B5787F56826E}"
EndProject
Project("{FAE04EC0-301F-11D3-BF4B-00C04F79EFBC}") = "iOS", "iOS\iOS.csproj", "{889FA472-6293-4970-9C5A-A5D24E20790B}"
EndProject
Project("{FAE04EC0-301F-11D3-BF4B-00C04F79EFBC}") = "UWP", "UWP\UWP.csproj", "{D48995D0-C9E3-43FF-AFEC-DE70B3A722B8}"
EndProject
Project("{9A19103F-16F7-4668-BE54-9A1E7A4F7556}") = "Form", "Form\Form.csproj", "{7F839026-9137-4581-BC83-21CC475E9E38}"
EndProject
Project("{2150E333-8FDC-42A3-9474-1A3956D46DE8}") = "Shared", "Shared", "{BFB29AE5-063F-428F-9B7F-9867C3B9189B}"
EndProject
Global
	GlobalSection(SolutionConfigurationPlatforms) = preSolution
		Ad-Hoc|Any CPU = Ad-Hoc|Any CPU
		Ad-Hoc|ARM = Ad-Hoc|ARM
		Ad-Hoc|iPhone = Ad-Hoc|iPhone
		Ad-Hoc|iPhoneSimulator = Ad-Hoc|iPhoneSimulator
		Ad-Hoc|x64 = Ad-Hoc|x64
		Ad-Hoc|x86 = Ad-Hoc|x86
		AppStore|Any CPU = AppStore|Any CPU
		AppStore|ARM = AppStore|ARM
		AppStore|iPhone = AppStore|iPhone
		AppStore|iPhoneSimulator = AppStore|iPhoneSimulator
		AppStore|x64 = AppStore|x64
		AppStore|x86 = AppStore|x86
		Debug|Any CPU = Debug|Any CPU
		Debug|ARM = Debug|ARM
		Debug|iPhone = Debug|iPhone
		Debug|iPhoneSimulator = Debug|iPhoneSimulator
		Debug|x64 = Debug|x64
		Debug|x86 = Debug|x86
		Release|Any CPU = Release|Any CPU
		Release|ARM = Release|ARM
		Release|iPhone = Release|iPhone
		Release|iPhoneSimulator = Release|iPhoneSimulator
		Release|x64 = Release|x64
		Release|x86 = Release|x86
	EndGlobalSection
	GlobalSection(ProjectConfigurationPlatforms) = postSolution
		{F964C4B0-F0A9-4390-90D4-B5787F56826E}.Ad-Hoc|Any CPU.ActiveCfg = Release|Any CPU
		{F964C4B0-F0A9-4390-90D4-B5787F56826E}.Ad-Hoc|Any CPU.Build.0 = Release|Any CPU
		{F964C4B0-F0A9-4390-90D4-B5787F56826E}.Ad-Hoc|Any CPU.Deploy.0 = Release|Any CPU
		{F964C4B0-F0A9-4390-90D4-B5787F56826E}.Ad-Hoc|ARM.ActiveCfg = Release|Any CPU
		{F964C4B0-F0A9-4390-90D4-B5787F56826E}.Ad-Hoc|ARM.Build.0 = Release|Any CPU
		{F964C4B0-F0A9-4390-90D4-B5787F56826E}.Ad-Hoc|ARM.Deploy.0 = Release|Any CPU
		{F964C4B0-F0A9-4390-90D4-B5787F56826E}.Ad-Hoc|iPhone.ActiveCfg = Release|Any CPU
		{F964C4B0-F0A9-4390-90D4-B5787F56826E}.Ad-Hoc|iPhone.Build.0 = Release|Any CPU
		{F964C4B0-F0A9-4390-90D4-B5787F56826E}.Ad-Hoc|iPhone.Deploy.0 = Release|Any CPU
		{F964C4B0-F0A9-4390-90D4-B5787F56826E}.Ad-Hoc|iPhoneSimulator.ActiveCfg = Release|Any CPU
		{F964C4B0-F0A9-4390-90D4-B5787F56826E}.Ad-Hoc|iPhoneSimulator.Build.0 = Release|Any CPU
		{F964C4B0-F0A9-4390-90D4-B5787F56826E}.Ad-Hoc|iPhoneSimulator.Deploy.0 = Release|Any CPU
		{F964C4B0-F0A9-4390-90D4-B5787F56826E}.Ad-Hoc|x64.ActiveCfg = Release|Any CPU
		{F964C4B0-F0A9-4390-90D4-B5787F56826E}.Ad-Hoc|x64.Build.0 = Release|Any CPU
		{F964C4B0-F0A9-4390-90D4-B5787F56826E}.Ad-Hoc|x64.Deploy.0 = Release|Any CPU
		{F964C4B0-F0A9-4390-90D4-B5787F56826E}.Ad-Hoc|x86.ActiveCfg = Release|Any CPU
		{F964C4B0-F0A9-4390-90D4-B5787F56826E}.Ad-Hoc|x86.Build.0 = Release|Any CPU
		{F964C4B0-F0A9-4390-90D4-B5787F56826E}.Ad-Hoc|x86.Deploy.0 = Release|Any CPU
		{F964C4B0-F0A9-4390-90D4-B5787F56826E}.AppStore|Any CPU.ActiveCfg = Release|Any CPU
		{F964C4B0-F0A9-4390-90D4-B5787F56826E}.AppStore|Any CPU.Build.0 = Release|Any CPU
		{F964C4B0-F0A9-4390-90D4-B5787F56826E}.AppStore|Any CPU.Deploy.0 = Release|Any CPU
		{F964C4B0-F0A9-4390-90D4-B5787F56826E}.AppStore|ARM.ActiveCfg = Release|Any CPU
		{F964C4B0-F0A9-4390-90D4-B5787F56826E}.AppStore|ARM.Build.0 = Release|Any CPU
		{F964C4B0-F0A9-4390-90D4-B5787F56826E}.AppStore|ARM.Deploy.0 = Release|Any CPU
		{F964C4B0-F0A9-4390-90D4-B5787F56826E}.AppStore|iPhone.ActiveCfg = Release|Any CPU
		{F964C4B0-F0A9-4390-90D4-B5787F56826E}.AppStore|iPhone.Build.0 = Release|Any CPU
		{F964C4B0-F0A9-4390-90D4-B5787F56826E}.AppStore|iPhone.Deploy.0 = Release|Any CPU
		{F964C4B0-F0A9-4390-90D4-B5787F56826E}.AppStore|iPhoneSimulator.ActiveCfg = Release|Any CPU
		{F964C4B0-F0A9-4390-90D4-B5787F56826E}.AppStore|iPhoneSimulator.Build.0 = Release|Any CPU
		{F964C4B0-F0A9-4390-90D4-B5787F56826E}.AppStore|iPhoneSimulator.Deploy.0 = Release|Any CPU
		{F964C4B0-F0A9-4390-90D4-B5787F56826E}.AppStore|x64.ActiveCfg = Release|Any CPU
		{F964C4B0-F0A9-4390-90D4-B5787F56826E}.AppStore|x64.Build.0 = Release|Any CPU
		{F964C4B0-F0A9-4390-90D4-B5787F56826E}.AppStore|x64.Deploy.0 = Release|Any CPU
		{F964C4B0-F0A9-4390-90D4-B5787F56826E}.AppStore|x86.ActiveCfg = Release|Any CPU
		{F964C4B0-F0A9-4390-90D4-B5787F56826E}.AppStore|x86.Build.0 = Release|Any CPU
		{F964C4B0-F0A9-4390-90D4-B5787F56826E}.AppStore|x86.Deploy.0 = Release|Any CPU
		{F964C4B0-F0A9-4390-90D4-B5787F56826E}.Debug|Any CPU.ActiveCfg = Debug|Any CPU
		{F964C4B0-F0A9-4390-90D4-B5787F56826E}.Debug|Any CPU.Build.0 = Debug|Any CPU
		{F964C4B0-F0A9-4390-90D4-B5787F56826E}.Debug|Any CPU.Deploy.0 = Debug|Any CPU
		{F964C4B0-F0A9-4390-90D4-B5787F56826E}.Debug|ARM.ActiveCfg = Debug|Any CPU
		{F964C4B0-F0A9-4390-90D4-B5787F56826E}.Debug|ARM.Build.0 = Debug|Any CPU
		{F964C4B0-F0A9-4390-90D4-B5787F56826E}.Debug|ARM.Deploy.0 = Debug|Any CPU
		{F964C4B0-F0A9-4390-90D4-B5787F56826E}.Debug|iPhone.ActiveCfg = Debug|Any CPU
		{F964C4B0-F0A9-4390-90D4-B5787F56826E}.Debug|iPhone.Build.0 = Debug|Any CPU
		{F964C4B0-F0A9-4390-90D4-B5787F56826E}.Debug|iPhone.Deploy.0 = Debug|Any CPU
		{F964C4B0-F0A9-4390-90D4-B5787F56826E}.Debug|iPhoneSimulator.ActiveCfg = Debug|Any CPU
		{F964C4B0-F0A9-4390-90D4-B5787F56826E}.Debug|iPhoneSimulator.Build.0 = Debug|Any CPU
		{F964C4B0-F0A9-4390-90D4-B5787F56826E}.Debug|iPhoneSimulator.Deploy.0 = Debug|Any CPU
		{F964C4B0-F0A9-4390-90D4-B5787F56826E}.Debug|x64.ActiveCfg = Debug|Any CPU
		{F964C4B0-F0A9-4390-90D4-B5787F56826E}.Debug|x64.Build.0 = Debug|Any CPU
		{F964C4B0-F0A9-4390-90D4-B5787F56826E}.Debug|x64.Deploy.0 = Debug|Any CPU
		{F964C4B0-F0A9-4390-90D4-B5787F56826E}.Debug|x86.ActiveCfg = Debug|Any CPU
		{F964C4B0-F0A9-4390-90D4-B5787F56826E}.Debug|x86.Build.0 = Debug|Any CPU
		{F964C4B0-F0A9-4390-90D4-B5787F56826E}.Debug|x86.Deploy.0 = Debug|Any CPU
		{F964C4B0-F0A9-4390-90D4-B5787F56826E}.Release|Any CPU.ActiveCfg = Release|Any CPU
		{F964C4B0-F0A9-4390-90D4-B5787F56826E}.Release|Any CPU.Build.0 = Release|Any CPU
		{F964C4B0-F0A9-4390-90D4-B5787F56826E}.Release|Any CPU.Deploy.0 = Release|Any CPU
		{F964C4B0-F0A9-4390-90D4-B5787F56826E}.Release|ARM.ActiveCfg = Release|Any CPU
		{F964C4B0-F0A9-4390-90D4-B5787F56826E}.Release|ARM.Build.0 = Release|Any CPU
		{F964C4B0-F0A9-4390-90D4-B5787F56826E}.Release|ARM.Deploy.0 = Release|Any CPU
		{F964C4B0-F0A9-4390-90D4-B5787F56826E}.Release|iPhone.ActiveCfg = Release|Any CPU
		{F964C4B0-F0A9-4390-90D4-B5787F56826E}.Release|iPhone.Build.0 = Release|Any CPU
		{F964C4B0-F0A9-4390-90D4-B5787F56826E}.Release|iPhone.Deploy.0 = Release|Any CPU
		{F964C4B0-F0A9-4390-90D4-B5787F56826E}.Release|iPhoneSimulator.ActiveCfg = Release|Any CPU
		{F964C4B0-F0A9-4390-90D4-B5787F56826E}.Release|iPhoneSimulator.Build.0 = Release|Any CPU
		{F964C4B0-F0A9-4390-90D4-B5787F56826E}.Release|iPhoneSimulator.Deploy.0 = Release|Any CPU
		{F964C4B0-F0A9-4390-90D4-B5787F56826E}.Release|x64.ActiveCfg = Release|Any CPU
		{F964C4B0-F0A9-4390-90D4-B5787F56826E}.Release|x64.Build.0 = Release|Any CPU
		{F964C4B0-F0A9-4390-90D4-B5787F56826E}.Release|x64.Deploy.0 = Release|Any CPU
		{F964C4B0-F0A9-4390-90D4-B5787F56826E}.Release|x86.ActiveCfg = Release|Any CPU
		{F964C4B0-F0A9-4390-90D4-B5787F56826E}.Release|x86.Build.0 = Release|Any CPU
		{F964C4B0-F0A9-4390-90D4-B5787F56826E}.Release|x86.Deploy.0 = Release|Any CPU
		{889FA472-6293-4970-9C5A-A5D24E20790B}.Ad-Hoc|Any CPU.ActiveCfg = Ad-Hoc|iPhone
		{889FA472-6293-4970-9C5A-A5D24E20790B}.Ad-Hoc|ARM.ActiveCfg = Ad-Hoc|iPhone
		{889FA472-6293-4970-9C5A-A5D24E20790B}.Ad-Hoc|iPhone.ActiveCfg = Ad-Hoc|iPhone
		{889FA472-6293-4970-9C5A-A5D24E20790B}.Ad-Hoc|iPhone.Build.0 = Ad-Hoc|iPhone
		{889FA472-6293-4970-9C5A-A5D24E20790B}.Ad-Hoc|iPhoneSimulator.ActiveCfg = Ad-Hoc|iPhoneSimulator
		{889FA472-6293-4970-9C5A-A5D24E20790B}.Ad-Hoc|iPhoneSimulator.Build.0 = Ad-Hoc|iPhoneSimulator
		{889FA472-6293-4970-9C5A-A5D24E20790B}.Ad-Hoc|x64.ActiveCfg = Ad-Hoc|iPhone
		{889FA472-6293-4970-9C5A-A5D24E20790B}.Ad-Hoc|x86.ActiveCfg = Ad-Hoc|iPhone
		{889FA472-6293-4970-9C5A-A5D24E20790B}.AppStore|Any CPU.ActiveCfg = AppStore|iPhone
		{889FA472-6293-4970-9C5A-A5D24E20790B}.AppStore|ARM.ActiveCfg = AppStore|iPhone
		{889FA472-6293-4970-9C5A-A5D24E20790B}.AppStore|iPhone.ActiveCfg = AppStore|iPhone
		{889FA472-6293-4970-9C5A-A5D24E20790B}.AppStore|iPhone.Build.0 = AppStore|iPhone
		{889FA472-6293-4970-9C5A-A5D24E20790B}.AppStore|iPhoneSimulator.ActiveCfg = AppStore|iPhoneSimulator
		{889FA472-6293-4970-9C5A-A5D24E20790B}.AppStore|iPhoneSimulator.Build.0 = AppStore|iPhoneSimulator
		{889FA472-6293-4970-9C5A-A5D24E20790B}.AppStore|x64.ActiveCfg = AppStore|iPhone
		{889FA472-6293-4970-9C5A-A5D24E20790B}.AppStore|x86.ActiveCfg = AppStore|iPhone
		{889FA472-6293-4970-9C5A-A5D24E20790B}.Debug|Any CPU.ActiveCfg = Debug|iPhone
		{889FA472-6293-4970-9C5A-A5D24E20790B}.Debug|ARM.ActiveCfg = Debug|iPhone
		{889FA472-6293-4970-9C5A-A5D24E20790B}.Debug|iPhone.ActiveCfg = Debug|iPhone
		{889FA472-6293-4970-9C5A-A5D24E20790B}.Debug|iPhone.Build.0 = Debug|iPhone
		{889FA472-6293-4970-9C5A-A5D24E20790B}.Debug|iPhoneSimulator.ActiveCfg = Debug|iPhoneSimulator
		{889FA472-6293-4970-9C5A-A5D24E20790B}.Debug|iPhoneSimulator.Build.0 = Debug|iPhoneSimulator
		{889FA472-6293-4970-9C5A-A5D24E20790B}.Debug|x64.ActiveCfg = Debug|iPhone
		{889FA472-6293-4970-9C5A-A5D24E20790B}.Debug|x86.ActiveCfg = Debug|iPhone
		{889FA472-6293-4970-9C5A-A5D24E20790B}.Release|Any CPU.ActiveCfg = Release|iPhone
		{889FA472-6293-4970-9C5A-A5D24E20790B}.Release|ARM.ActiveCfg = Release|iPhone
		{889FA472-6293-4970-9C5A-A5D24E20790B}.Release|iPhone.ActiveCfg = Release|iPhone
		{889FA472-6293-4970-9C5A-A5D24E20790B}.Release|iPhone.Build.0 = Release|iPhone
		{889FA472-6293-4970-9C5A-A5D24E20790B}.Release|iPhoneSimulator.ActiveCfg = Release|iPhoneSimulator
		{889FA472-6293-4970-9C5A-A5D24E20790B}.Release|iPhoneSimulator.Build.0 = Release|iPhoneSimulator
		{889FA472-6293-4970-9C5A-A5D24E20790B}.Release|x64.ActiveCfg = Release|iPhone
		{889FA472-6293-4970-9C5A-A5D24E20790B}.Release|x86.ActiveCfg = Release|iPhone
		{D48995D0-C9E3-43FF-AFEC-DE70B3A722B8}.Ad-Hoc|Any CPU.ActiveCfg = Release|x86
		{D48995D0-C9E3-43FF-AFEC-DE70B3A722B8}.Ad-Hoc|Any CPU.Build.0 = Release|x86
		{D48995D0-C9E3-43FF-AFEC-DE70B3A722B8}.Ad-Hoc|Any CPU.Deploy.0 = Release|x86
		{D48995D0-C9E3-43FF-AFEC-DE70B3A722B8}.Ad-Hoc|ARM.ActiveCfg = Release|ARM
		{D48995D0-C9E3-43FF-AFEC-DE70B3A722B8}.Ad-Hoc|ARM.Build.0 = Release|ARM
		{D48995D0-C9E3-43FF-AFEC-DE70B3A722B8}.Ad-Hoc|ARM.Deploy.0 = Release|ARM
		{D48995D0-C9E3-43FF-AFEC-DE70B3A722B8}.Ad-Hoc|iPhone.ActiveCfg = Release|x86
		{D48995D0-C9E3-43FF-AFEC-DE70B3A722B8}.Ad-Hoc|iPhone.Build.0 = Release|x86
		{D48995D0-C9E3-43FF-AFEC-DE70B3A722B8}.Ad-Hoc|iPhone.Deploy.0 = Release|x86
		{D48995D0-C9E3-43FF-AFEC-DE70B3A722B8}.Ad-Hoc|iPhoneSimulator.ActiveCfg = Release|x86
		{D48995D0-C9E3-43FF-AFEC-DE70B3A722B8}.Ad-Hoc|iPhoneSimulator.Build.0 = Release|x86
		{D48995D0-C9E3-43FF-AFEC-DE70B3A722B8}.Ad-Hoc|iPhoneSimulator.Deploy.0 = Release|x86
		{D48995D0-C9E3-43FF-AFEC-DE70B3A722B8}.Ad-Hoc|x64.ActiveCfg = Release|x64
		{D48995D0-C9E3-43FF-AFEC-DE70B3A722B8}.Ad-Hoc|x64.Build.0 = Release|x64
		{D48995D0-C9E3-43FF-AFEC-DE70B3A722B8}.Ad-Hoc|x64.Deploy.0 = Release|x64
		{D48995D0-C9E3-43FF-AFEC-DE70B3A722B8}.Ad-Hoc|x86.ActiveCfg = Release|x86
		{D48995D0-C9E3-43FF-AFEC-DE70B3A722B8}.Ad-Hoc|x86.Build.0 = Release|x86
		{D48995D0-C9E3-43FF-AFEC-DE70B3A722B8}.Ad-Hoc|x86.Deploy.0 = Release|x86
		{D48995D0-C9E3-43FF-AFEC-DE70B3A722B8}.AppStore|Any CPU.ActiveCfg = Release|x86
		{D48995D0-C9E3-43FF-AFEC-DE70B3A722B8}.AppStore|Any CPU.Build.0 = Release|x86
		{D48995D0-C9E3-43FF-AFEC-DE70B3A722B8}.AppStore|Any CPU.Deploy.0 = Release|x86
		{D48995D0-C9E3-43FF-AFEC-DE70B3A722B8}.AppStore|ARM.ActiveCfg = Release|ARM
		{D48995D0-C9E3-43FF-AFEC-DE70B3A722B8}.AppStore|ARM.Build.0 = Release|ARM
		{D48995D0-C9E3-43FF-AFEC-DE70B3A722B8}.AppStore|ARM.Deploy.0 = Release|ARM
		{D48995D0-C9E3-43FF-AFEC-DE70B3A722B8}.AppStore|iPhone.ActiveCfg = Release|x86
		{D48995D0-C9E3-43FF-AFEC-DE70B3A722B8}.AppStore|iPhone.Build.0 = Release|x86
		{D48995D0-C9E3-43FF-AFEC-DE70B3A722B8}.AppStore|iPhone.Deploy.0 = Release|x86
		{D48995D0-C9E3-43FF-AFEC-DE70B3A722B8}.AppStore|iPhoneSimulator.ActiveCfg = Release|x86
		{D48995D0-C9E3-43FF-AFEC-DE70B3A722B8}.AppStore|iPhoneSimulator.Build.0 = Release|x86
		{D48995D0-C9E3-43FF-AFEC-DE70B3A722B8}.AppStore|iPhoneSimulator.Deploy.0 = Release|x86
		{D48995D0-C9E3-43FF-AFEC-DE70B3A722B8}.AppStore|x64.ActiveCfg = Release|x64
		{D48995D0-C9E3-43FF-AFEC-DE70B3A722B8}.AppStore|x64.Build.0 = Release|x64
		{D48995D0-C9E3-43FF-AFEC-DE70B3A722B8}.AppStore|x64.Deploy.0 = Release|x64
		{D48995D0-C9E3-43FF-AFEC-DE70B3A722B8}.AppStore|x86.ActiveCfg = Release|x86
		{D48995D0-C9E3-43FF-AFEC-DE70B3A722B8}.AppStore|x86.Build.0 = Release|x86
		{D48995D0-C9E3-43FF-AFEC-DE70B3A722B8}.AppStore|x86.Deploy.0 = Release|x86
		{D48995D0-C9E3-43FF-AFEC-DE70B3A722B8}.Debug|Any CPU.ActiveCfg = Debug|x86
		{D48995D0-C9E3-43FF-AFEC-DE70B3A722B8}.Debug|ARM.ActiveCfg = Debug|ARM
		{D48995D0-C9E3-43FF-AFEC-DE70B3A722B8}.Debug|ARM.Build.0 = Debug|ARM
		{D48995D0-C9E3-43FF-AFEC-DE70B3A722B8}.Debug|ARM.Deploy.0 = Debug|ARM
		{D48995D0-C9E3-43FF-AFEC-DE70B3A722B8}.Debug|iPhone.ActiveCfg = Debug|x86
		{D48995D0-C9E3-43FF-AFEC-DE70B3A722B8}.Debug|iPhoneSimulator.ActiveCfg = Debug|x86
		{D48995D0-C9E3-43FF-AFEC-DE70B3A722B8}.Debug|x64.ActiveCfg = Debug|x64
		{D48995D0-C9E3-43FF-AFEC-DE70B3A722B8}.Debug|x64.Build.0 = Debug|x64
		{D48995D0-C9E3-43FF-AFEC-DE70B3A722B8}.Debug|x64.Deploy.0 = Debug|x64
		{D48995D0-C9E3-43FF-AFEC-DE70B3A722B8}.Debug|x86.ActiveCfg = Debug|x86
		{D48995D0-C9E3-43FF-AFEC-DE70B3A722B8}.Debug|x86.Build.0 = Debug|x86
		{D48995D0-C9E3-43FF-AFEC-DE70B3A722B8}.Debug|x86.Deploy.0 = Debug|x86
		{D48995D0-C9E3-43FF-AFEC-DE70B3A722B8}.Release|Any CPU.ActiveCfg = Release|x86
		{D48995D0-C9E3-43FF-AFEC-DE70B3A722B8}.Release|ARM.ActiveCfg = Release|ARM
		{D48995D0-C9E3-43FF-AFEC-DE70B3A722B8}.Release|ARM.Build.0 = Release|ARM
		{D48995D0-C9E3-43FF-AFEC-DE70B3A722B8}.Release|ARM.Deploy.0 = Release|ARM
		{D48995D0-C9E3-43FF-AFEC-DE70B3A722B8}.Release|iPhone.ActiveCfg = Release|x86
		{D48995D0-C9E3-43FF-AFEC-DE70B3A722B8}.Release|iPhoneSimulator.ActiveCfg = Release|x86
		{D48995D0-C9E3-43FF-AFEC-DE70B3A722B8}.Release|x64.ActiveCfg = Release|x64
		{D48995D0-C9E3-43FF-AFEC-DE70B3A722B8}.Release|x64.Build.0 = Release|x64
		{D48995D0-C9E3-43FF-AFEC-DE70B3A722B8}.Release|x64.Deploy.0 = Release|x64
		{D48995D0-C9E3-43FF-AFEC-DE70B3A722B8}.Release|x86.ActiveCfg = Release|x86
		{D48995D0-C9E3-43FF-AFEC-DE70B3A722B8}.Release|x86.Build.0 = Release|x86
		{D48995D0-C9E3-43FF-AFEC-DE70B3A722B8}.Release|x86.Deploy.0 = Release|x86
		{7F839026-9137-4581-BC83-21CC475E9E38}.Ad-Hoc|Any CPU.ActiveCfg = Debug|Any CPU
		{7F839026-9137-4581-BC83-21CC475E9E38}.Ad-Hoc|Any CPU.Build.0 = Debug|Any CPU
		{7F839026-9137-4581-BC83-21CC475E9E38}.Ad-Hoc|ARM.ActiveCfg = Debug|Any CPU
		{7F839026-9137-4581-BC83-21CC475E9E38}.Ad-Hoc|ARM.Build.0 = Debug|Any CPU
		{7F839026-9137-4581-BC83-21CC475E9E38}.Ad-Hoc|iPhone.ActiveCfg = Debug|Any CPU
		{7F839026-9137-4581-BC83-21CC475E9E38}.Ad-Hoc|iPhone.Build.0 = Debug|Any CPU
		{7F839026-9137-4581-BC83-21CC475E9E38}.Ad-Hoc|iPhoneSimulator.ActiveCfg = Debug|Any CPU
		{7F839026-9137-4581-BC83-21CC475E9E38}.Ad-Hoc|iPhoneSimulator.Build.0 = Debug|Any CPU
		{7F839026-9137-4581-BC83-21CC475E9E38}.Ad-Hoc|x64.ActiveCfg = Debug|Any CPU
		{7F839026-9137-4581-BC83-21CC475E9E38}.Ad-Hoc|x64.Build.0 = Debug|Any CPU
		{7F839026-9137-4581-BC83-21CC475E9E38}.Ad-Hoc|x86.ActiveCfg = Debug|Any CPU
		{7F839026-9137-4581-BC83-21CC475E9E38}.Ad-Hoc|x86.Build.0 = Debug|Any CPU
		{7F839026-9137-4581-BC83-21CC475E9E38}.AppStore|Any CPU.ActiveCfg = Debug|Any CPU
		{7F839026-9137-4581-BC83-21CC475E9E38}.AppStore|Any CPU.Build.0 = Debug|Any CPU
		{7F839026-9137-4581-BC83-21CC475E9E38}.AppStore|ARM.ActiveCfg = Debug|Any CPU
		{7F839026-9137-4581-BC83-21CC475E9E38}.AppStore|ARM.Build.0 = Debug|Any CPU
		{7F839026-9137-4581-BC83-21CC475E9E38}.AppStore|iPhone.ActiveCfg = Debug|Any CPU
		{7F839026-9137-4581-BC83-21CC475E9E38}.AppStore|iPhone.Build.0 = Debug|Any CPU
		{7F839026-9137-4581-BC83-21CC475E9E38}.AppStore|iPhoneSimulator.ActiveCfg = Debug|Any CPU
		{7F839026-9137-4581-BC83-21CC475E9E38}.AppStore|iPhoneSimulator.Build.0 = Debug|Any CPU
		{7F839026-9137-4581-BC83-21CC475E9E38}.AppStore|x64.ActiveCfg = Debug|Any CPU
		{7F839026-9137-4581-BC83-21CC475E9E38}.AppStore|x64.Build.0 = Debug|Any CPU
		{7F839026-9137-4581-BC83-21CC475E9E38}.AppStore|x86.ActiveCfg = Debug|Any CPU
		{7F839026-9137-4581-BC83-21CC475E9E38}.AppStore|x86.Build.0 = Debug|Any CPU
		{7F839026-9137-4581-BC83-21CC475E9E38}.Debug|Any CPU.ActiveCfg = Debug|Any CPU
		{7F839026-9137-4581-BC83-21CC475E9E38}.Debug|Any CPU.Build.0 = Debug|Any CPU
		{7F839026-9137-4581-BC83-21CC475E9E38}.Debug|ARM.ActiveCfg = Debug|Any CPU
		{7F839026-9137-4581-BC83-21CC475E9E38}.Debug|ARM.Build.0 = Debug|Any CPU
		{7F839026-9137-4581-BC83-21CC475E9E38}.Debug|iPhone.ActiveCfg = Debug|Any CPU
		{7F839026-9137-4581-BC83-21CC475E9E38}.Debug|iPhone.Build.0 = Debug|Any CPU
		{7F839026-9137-4581-BC83-21CC475E9E38}.Debug|iPhoneSimulator.ActiveCfg = Debug|Any CPU
		{7F839026-9137-4581-BC83-21CC475E9E38}.Debug|iPhoneSimulator.Build.0 = Debug|Any CPU
		{7F839026-9137-4581-BC83-21CC475E9E38}.Debug|x64.ActiveCfg = Debug|Any CPU
		{7F839026-9137-4581-BC83-21CC475E9E38}.Debug|x64.Build.0 = Debug|Any CPU
		{7F839026-9137-4581-BC83-21CC475E9E38}.Debug|x86.ActiveCfg = Debug|Any CPU
		{7F839026-9137-4581-BC83-21CC475E9E38}.Debug|x86.Build.0 = Debug|Any CPU
		{7F839026-9137-4581-BC83-21CC475E9E38}.Release|Any CPU.ActiveCfg = Release|Any CPU
		{7F839026-9137-4581-BC83-21CC475E9E38}.Release|Any CPU.Build.0 = Release|Any CPU
		{7F839026-9137-4581-BC83-21CC475E9E38}.Release|ARM.ActiveCfg = Release|Any CPU
		{7F839026-9137-4581-BC83-21CC475E9E38}.Release|ARM.Build.0 = Release|Any CPU
		{7F839026-9137-4581-BC83-21CC475E9E38}.Release|iPhone.ActiveCfg = Release|Any CPU
		{7F839026-9137-4581-BC83-21CC475E9E38}.Release|iPhone.Build.0 = Release|Any CPU
		{7F839026-9137-4581-BC83-21CC475E9E38}.Release|iPhoneSimulator.ActiveCfg = Release|Any CPU
		{7F839026-9137-4581-BC83-21CC475E9E38}.Release|iPhoneSimulator.Build.0 = Release|Any CPU
		{7F839026-9137-4581-BC83-21CC475E9E38}.Release|x64.ActiveCfg = Release|Any CPU
		{7F839026-9137-4581-BC83-21CC475E9E38}.Release|x64.Build.0 = Release|Any CPU
		{7F839026-9137-4581-BC83-21CC475E9E38}.Release|x86.ActiveCfg = Release|Any CPU
		{7F839026-9137-4581-BC83-21CC475E9E38}.Release|x86.Build.0 = Release|Any CPU
	EndGlobalSection
	GlobalSection(SolutionProperties) = preSolution
		HideSolutionNode = FALSE
	EndGlobalSection
	GlobalSection(NestedProjects) = preSolution
		{7F839026-9137-4581-BC83-21CC475E9E38} = {BFB29AE5-063F-428F-9B7F-9867C3B9189B}
	EndGlobalSection
	GlobalSection(ExtensibilityGlobals) = postSolution
		SolutionGuid = {E62D2363-F0DA-4CD7-92FF-118890B75150}
	EndGlobalSection
EndGlobal
